
Microsoft Visual Studio Solution File, Format Version 12.00
# Visual Studio 15
VisualStudioVersion = 15.0.28010.2036
MinimumVisualStudioVersion = 10.0.40219.1
Project("{FAE04EC0-301F-11D3-BF4B-00C04F79EFBC}") = "loops101", "loops101\loops101.csproj", "{7E39C066-B211-4F5F-B3E7-1C49AF484986}"
EndProject
Global
	GlobalSection(SolutionConfigurationPlatforms) = preSolution
		Debug|Any CPU = Debug|Any CPU
		Release|Any CPU = Release|Any CPU
	EndGlobalSection
	GlobalSection(ProjectConfigurationPlatforms) = postSolution
		{7E39C066-B211-4F5F-B3E7-1C49AF484986}.Debug|Any CPU.ActiveCfg = Debug|Any CPU
		{7E39C066-B211-4F5F-B3E7-1C49AF484986}.Debug|Any CPU.Build.0 = Debug|Any CPU
		{7E39C066-B211-4F5F-B3E7-1C49AF484986}.Release|Any CPU.ActiveCfg = Release|Any CPU
		{7E39C066-B211-4F5F-B3E7-1C49AF484986}.Release|Any CPU.Build.0 = Release|Any CPU
	EndGlobalSection
	GlobalSection(SolutionProperties) = preSolution
		HideSolutionNode = FALSE
	EndGlobalSection
	GlobalSection(ExtensibilityGlobals) = postSolution
		SolutionGuid = {641B748F-9866-44BB-A855-C190C0F6732A}
	EndGlobalSection
EndGlobal
